{
    "_meta": {
        "hash": {
            "sha256": "fc9aa934e609db141c2cbb484c18505b160498801b64945c9cfb43caea8aa07d"
        },
        "pipfile-spec": 6,
        "requires": {
            "python_version": "3.5"
        },
        "sources": [
            {
                "name": "pypi",
                "url": "https://pypi.org/simple",
                "verify_ssl": true
            }
        ]
    },
    "default": {
        "certifi": {
            "hashes": [
                "sha256:e4f3620cfea4f83eedc95b24abd9cd56f3c4b146dd0177e83a21b4eb49e21e50",
                "sha256:fd7c7c74727ddcf00e9acd26bba8da604ffec95bf1c2144e67aff7a8b50e6cef"
            ],
            "version": "==2019.9.11"
        },
        "chardet": {
            "hashes": [
                "sha256:84ab92ed1c4d4f16916e05906b6b75a6c0fb5db821cc65e70cbd64a3e2a5eaae",
                "sha256:fc323ffcaeaed0e0a02bf4d117757b98aed530d9ed4531e3e15460124c106691"
            ],
            "version": "==3.0.4"
        },
        "grpcio": {
            "hashes": [
                "sha256:0302331e014fc4bac028b6ad480b33f7abfe20b9bdcca7be417124dda8f22115",
                "sha256:0aa0cce9c5eb1261b32173a20ed42b51308d55ce28ecc2021e868b3cb90d9503",
                "sha256:0c83947575300499adbc308e986d754e7f629be0bdd9bea1ffdd5cf76e1f1eff",
                "sha256:0ca26ff968d45efd4ef73447c4d4b34322ea8c7d06fbb6907ce9e5db78f1bbcb",
                "sha256:0cf80a7955760c2498f8821880242bb657d70998065ff0d2a082de5ffce230a7",
                "sha256:0d40706e57d9833fe0e023a08b468f33940e8909affa12547874216d36bba208",
                "sha256:11872069156de34c6f3f9a1deb46cc88bc35dfde88262c4c73eb22b39b16fc55",
                "sha256:16065227faae0ab0abf1789bfb92a2cd2ab5da87630663f93f8178026da40e0d",
                "sha256:1e33778277685f6fabb22539136269c87c029e39b6321ef1a639b756a1c0a408",
                "sha256:2b16be15b1ae656bc7a36642b8c7045be2dde2048bb4b67478003e9d9db8022a",
                "sha256:3701dfca3ada27ceef0d17f728ce9dfef155ed20c57979c2b05083082258c6c1",
                "sha256:41912ecaf482abf2de74c69f509878f99223f5dd6b2de1a09c955afd4de3cf9b",
                "sha256:4332cbd20544fe7406910137590f38b5b3a1f6170258e038652cf478c639430f",
                "sha256:44068ecbdc6467c2bff4d8198816c8a2701b6dd1ec16078fceb6adc7c1f577d6",
                "sha256:53115960e37059420e2d16a4b04b00dd2ab3b6c3c67babd01ffbfdcd7881a69b",
                "sha256:6e7027bcd4070414751e2a5e60706facb98a1fc636497c9bac5442fe37b8ae6b",
                "sha256:6ff57fb2f07b7226b5bec89e8e921ea9bd220f35f11e094f2ba38f09eecd49c6",
                "sha256:73240e244d7644654bbda1f309f4911748b6a1804b7a8897ddbe8a04c90f7407",
                "sha256:785234bbc469bc75e26c868789a2080ffb30bd6e93930167797729889ad06b0b",
                "sha256:82f9d3c7f91d2d1885631335c003c5d45ae1cd69cc0bc4893f21fef50b8151bc",
                "sha256:86bdc2a965510658407a1372eb61f0c92f763fdfb2795e4d038944da4320c950",
                "sha256:95e925b56676a55e6282b3de80a1cbad5774072159779c61eac02791dface049",
                "sha256:96673bb4f14bd3263613526d1e7e33fdb38a9130e3ce87bf52314965706e1900",
                "sha256:970014205e76920484679035b6fb4b16e02fc977e5aac4d22025da849c79dab9",
                "sha256:ace5e8bf11a1571f855f5dab38a9bd34109b6c9bc2864abf24a597598c7e3695",
                "sha256:ad375f03eb3b9cb75a24d91eab8609e134d34605f199efc41e20dd642bdac855",
                "sha256:b819c4c7dcf0de76788ce5f95daad6d4e753d6da2b6a5f84e5bb5b5ce95fddc4",
                "sha256:c17943fd340cbd906db49f3f03c7545e5a66b617e8348b2c7a0d2c759d216af1",
                "sha256:d21247150dea86dabd3b628d8bc4b563036db3d332b3f4db3c5b1b0b122cb4f6",
                "sha256:d4d500a7221116de9767229ff5dd10db91f789448d85befb0adf5a37b0cd83b5",
                "sha256:e2a942a3cfccbbca21a90c144867112698ef36486345c285da9e98c466f22b22",
                "sha256:e983273dca91cb8a5043bc88322eb48e2b8d4e4998ff441a1ee79ced89db3909"
            ],
            "version": "==1.24.1"
        },
        "grpcio-tools": {
            "hashes": [
                "sha256:01fc9dcbb1a8e8f763ec143930519e5e8551a25a4d1b7706a10809c8339b0377",
                "sha256:0346fdfd5307f9283a1fc0b8936d57a123636c66aca2f402303941a2c805f20f",
                "sha256:0d0039e1226d037c04cb6300254f13eb87c60d88abd5a14b99c32b881e06dacd",
                "sha256:1e57e1cc9945c5f838b3270d04634bc9076486bf064359f20c8761a98126dce2",
                "sha256:2bf8761307f54fdf116372bc7580ee5fa899c5fafca75e0f833c8339613d77f5",
                "sha256:3c3599a6882532801a5757955b70836d70a3da2f187937e0a6835dce5c11f05f",
                "sha256:3cfea4815236aa7c875150cc402d168bfcb6c0884cc753d53cde3099a8920efd",
                "sha256:4172f50c24d5b4135023b4193ce5fe6e7515dcbb91b4ee01f20459b816aee0a0",
                "sha256:421f8815fd6173c5110e5bb2c682c29bdb694b598641379a9a773e04a907f0d8",
                "sha256:6002e05ef8c20de23887fccb8c74b55f85544a822c06dad618ebc90c409c2d83",
                "sha256:61a418f4ce288d44eee9acbb30fd73255083d35ca481f40954c2932f3efe621b",
                "sha256:6678191ee6ddc0c02ae6be9d5f759a904e61866e29c2ab8df85a88798aca681f",
                "sha256:6e71cbcfd22ff15ba89b3856e1bb390084315b27f822cc1266f73864820fae81",
                "sha256:7329622e9ac365dd0751c337e5c99ccfec9a8b60a5cc44d58bb7e569b5ea7c81",
                "sha256:7576d16d6c1f2946a1ea495dc57d849afd29df547fd125d4a4f213e3ee976417",
                "sha256:9738e750aa207d4651d719c0f5e3cf1e0bf2b6b6088bf6c15fd93a9b64580b55",
                "sha256:989f3479e69ab3a72f70065de6d000a611a25a53166711981a3e8c99671d5705",
                "sha256:a984e5c7f456a6e65ef00899151187ff520c8f42222944ad4b85b136321ce949",
                "sha256:a9a98c293d54de819c2cac138f48cffe78890a2abfc6cfa42985ee8897121764",
                "sha256:aa4f8f5c6f059d5c3ae756821494821545b1ebc203c1ed12c1366fe011dc2a5c",
                "sha256:ac5962315518b0eb271b429ff01e6da3bf36eff54aa0234502c10238164c5237",
                "sha256:af8683a74a43d9cc76d316c90d3369072cfc0e9b2833a4a21c0d0d6082d63161",
                "sha256:b1bba27c6cf2d967d35d7aea2be4495b8b82596dccf941237d960509c22a8c56",
                "sha256:b8b33d1ebbd1860b116e83ca655b696c314cd34b0c2336b75a3c882d28299274",
                "sha256:bdee353eb9ec9353d83613b35853276c72c60516b595569e2624575bf3fdbeab",
                "sha256:ce0415c33ff47e7ac4aea9d6a283fc8fc05bebe6857e7431b584be9d253fa193",
                "sha256:cfbb7db17980ab099aa8ca50f2c178d86af8e8b84317ff9993d291d31362a09f",
                "sha256:d04e1d148eb27c4582c76324182771a459d82bfc3f6500303fee17775f06298d",
                "sha256:dab46b5362775fe1f45d72ab00d85bed04c83f0ef041e4d99f5d33d07318ae28",
                "sha256:e586f7ba57c7bf9ac7131145f16a1eececd4e063296c219c22131d4f019e8140",
                "sha256:e71e0bf098a7c1c1d53dbabea1cc61b3a01a31994851a05721bc9fecdda21266",
                "sha256:f61c6f6394201344754e139370adbec3ee390aa53e5d1063b64569d131f70611"
            ],
            "index": "pypi",
            "version": "==1.15.0"
        },
        "hvac": {
            "hashes": [
                "sha256:4fa62a9ebd9ec935e78875a8fb1379bd811b8b14b89bd0c4724065dcf8d108d5",
                "sha256:d7f23883c44458078359142608d0bc6373c4bcec107bdb609c827ee1dda61431"
            ],
            "index": "pypi",
            "version": "==0.6.4"
        },
        "idna": {
            "hashes": [
                "sha256:c357b3f628cf53ae2c4c05627ecc484553142ca23264e593d327bcde5e9c3407",
                "sha256:ea8b7f6188e6fa117537c3df7da9fc686d485087abf6ac197f9c46432f7e4a3c"
            ],
            "version": "==2.8"
        },
        "protobuf": {
            "hashes": [
                "sha256:125713564d8cfed7610e52444c9769b8dcb0b55e25cc7841f2290ee7bc86636f",
                "sha256:1accdb7a47e51503be64d9a57543964ba674edac103215576399d2d0e34eac77",
                "sha256:27003d12d4f68e3cbea9eb67427cab3bfddd47ff90670cb367fcd7a3a89b9657",
                "sha256:3264f3c431a631b0b31e9db2ae8c927b79fc1a7b1b06b31e8e5bcf2af91fe896",
                "sha256:3c5ab0f5c71ca5af27143e60613729e3488bb45f6d3f143dc918a20af8bab0bf",
                "sha256:45dcf8758873e3f69feab075e5f3177270739f146255225474ee0b90429adef6",
                "sha256:56a77d61a91186cc5676d8e11b36a5feb513873e4ae88d2ee5cf530d52bbcd3b",
                "sha256:5984e4947bbcef5bd849d6244aec507d31786f2dd3344139adc1489fb403b300",
                "sha256:6b0441da73796dd00821763bb4119674eaf252776beb50ae3883bed179a60b2a",
                "sha256:6f6677c5ade94d4fe75a912926d6796d5c71a2a90c2aeefe0d6f211d75c74789",
                "sha256:84a825a9418d7196e2acc48f8746cf1ee75877ed2f30433ab92a133f3eaf8fbe",
                "sha256:b842c34fe043ccf78b4a6cf1019d7b80113707d68c88842d061fa2b8fb6ddedc",
                "sha256:ca33d2f09dae149a1dcf942d2d825ebb06343b77b437198c9e2ef115cf5d5bc1",
                "sha256:db83b5c12c0cd30150bb568e6feb2435c49ce4e68fe2d7b903113f0e221e58fe",
                "sha256:f50f3b1c5c1c1334ca7ce9cad5992f098f460ffd6388a3cabad10b66c2006b09",
                "sha256:f99f127909731cafb841c52f9216e447d3e4afb99b17bebfad327a75aee206de"
            ],
            "version": "==3.10.0"
        },
        "requests": {
            "hashes": [
                "sha256:11e007a8a2aa0323f5a921e9e6a2d7e4e67d9877e85773fba9ba6419025cbeb4",
                "sha256:9cf5292fcd0f598c671cfc1e0d7d1a7f13bb8085e9a590f48c010551dc6c4b31"
            ],
            "version": "==2.22.0"
        },
        "six": {
            "hashes": [
                "sha256:3350809f0555b11f552448330d0b52d5f24c91a322ea4a15ef22629740f3761c",
                "sha256:d16a0141ec1a18405cd4ce8b4613101da75da0e9a7aec5bdd4fa804d0e0eba73"
            ],
            "version": "==1.12.0"
        },
        "urllib3": {
            "hashes": [
                "sha256:4c291ca23bbb55c76518905869ef34bdd5f0e46af7afe6861e8375643ffee1a0",
                "sha256:9a247273df709c4fedb38c711e44292304f73f39ab01beda9f6b9fc375669ac3"
            ],
            "index": "pypi",
            "version": "==1.24.2"
        }
    },
    "develop": {}
}
